
Microsoft Visual Studio Solution File, Format Version 12.00
# Visual Studio 15
Project("{FAE04EC0-301F-11D3-BF4B-00C04F79EFBC}") = "Assembly-CSharp", "Assembly-CSharp.csproj", "{5F746E6A-07A3-BA3E-DA29-603E677755DF}"
EndProject
Project("{FAE04EC0-301F-11D3-BF4B-00C04F79EFBC}") = "Assembly-CSharp-firstpass", "Assembly-CSharp-firstpass.csproj", "{82F22279-6FF5-5EBD-0D0C-B3F467FEFCEE}"
EndProject
Project("{FAE04EC0-301F-11D3-BF4B-00C04F79EFBC}") = "Assembly-CSharp-Editor", "Assembly-CSharp-Editor.csproj", "{9E94B0CF-9E96-633C-1D56-28CD1199E6FD}"
EndProject
Global
	GlobalSection(SolutionConfigurationPlatforms) = preSolution
		Debug|Any CPU = Debug|Any CPU
		Release|Any CPU = Release|Any CPU
	EndGlobalSection
	GlobalSection(ProjectConfigurationPlatforms) = postSolution
		{5F746E6A-07A3-BA3E-DA29-603E677755DF}.Debug|Any CPU.ActiveCfg = Debug|Any CPU
		{5F746E6A-07A3-BA3E-DA29-603E677755DF}.Debug|Any CPU.Build.0 = Debug|Any CPU
		{5F746E6A-07A3-BA3E-DA29-603E677755DF}.Release|Any CPU.ActiveCfg = Release|Any CPU
		{5F746E6A-07A3-BA3E-DA29-603E677755DF}.Release|Any CPU.Build.0 = Release|Any CPU
		{82F22279-6FF5-5EBD-0D0C-B3F467FEFCEE}.Debug|Any CPU.ActiveCfg = Debug|Any CPU
		{82F22279-6FF5-5EBD-0D0C-B3F467FEFCEE}.Debug|Any CPU.Build.0 = Debug|Any CPU
		{82F22279-6FF5-5EBD-0D0C-B3F467FEFCEE}.Release|Any CPU.ActiveCfg = Release|Any CPU
		{82F22279-6FF5-5EBD-0D0C-B3F467FEFCEE}.Release|Any CPU.Build.0 = Release|Any CPU
		{9E94B0CF-9E96-633C-1D56-28CD1199E6FD}.Debug|Any CPU.ActiveCfg = Debug|Any CPU
		{9E94B0CF-9E96-633C-1D56-28CD1199E6FD}.Debug|Any CPU.Build.0 = Debug|Any CPU
		{9E94B0CF-9E96-633C-1D56-28CD1199E6FD}.Release|Any CPU.ActiveCfg = Release|Any CPU
		{9E94B0CF-9E96-633C-1D56-28CD1199E6FD}.Release|Any CPU.Build.0 = Release|Any CPU
	EndGlobalSection
	GlobalSection(SolutionProperties) = preSolution
		HideSolutionNode = FALSE
	EndGlobalSection
EndGlobal
